// !$*UTF8*$!
{
	archiveVersion = 1;
	classes = {
	};
	objectVersion = 46;
	objects = {

/* Begin PBXBuildFile section */
		FB21D5DE18FFE856002A92C4 /* HighScoreViewController.m in Sources */ = {isa = PBXBuildFile; fileRef = FB21D5DD18FFE856002A92C4 /* HighScoreViewController.m */; };
		FBEF6D7D18FA9D6E003032E8 /* Foundation.framework in Frameworks */ = {isa = PBXBuildFile; fileRef = FBEF6D7C18FA9D6E003032E8 /* Foundation.framework */; };
		FBEF6D7F18FA9D6E003032E8 /* CoreGraphics.framework in Frameworks */ = {isa = PBXBuildFile; fileRef = FBEF6D7E18FA9D6E003032E8 /* CoreGraphics.framework */; };
		FBEF6D8118FA9D6E003032E8 /* UIKit.framework in Frameworks */ = {isa = PBXBuildFile; fileRef = FBEF6D8018FA9D6E003032E8 /* UIKit.framework */; };
		FBEF6D8718FA9D6E003032E8 /* InfoPlist.strings in Resources */ = {isa = PBXBuildFile; fileRef = FBEF6D8518FA9D6E003032E8 /* InfoPlist.strings */; };
		FBEF6D8918FA9D6E003032E8 /* main.m in Sources */ = {isa = PBXBuildFile; fileRef = FBEF6D8818FA9D6E003032E8 /* main.m */; };
		FBEF6D8D18FA9D6E003032E8 /* AppDelegate.m in Sources */ = {isa = PBXBuildFile; fileRef = FBEF6D8C18FA9D6E003032E8 /* AppDelegate.m */; };
		FBEF6D9018FA9D6E003032E8 /* Main_iPhone.storyboard in Resources */ = {isa = PBXBuildFile; fileRef = FBEF6D8E18FA9D6E003032E8 /* Main_iPhone.storyboard */; };
		FBEF6D9318FA9D6E003032E8 /* Main_iPad.storyboard in Resources */ = {isa = PBXBuildFile; fileRef = FBEF6D9118FA9D6E003032E8 /* Main_iPad.storyboard */; };
		FBEF6D9618FA9D6E003032E8 /* ViewController.m in Sources */ = {isa = PBXBuildFile; fileRef = FBEF6D9518FA9D6E003032E8 /* ViewController.m */; };
		FBEF6D9818FA9D6E003032E8 /* Images.xcassets in Resources */ = {isa = PBXBuildFile; fileRef = FBEF6D9718FA9D6E003032E8 /* Images.xcassets */; };
		FBEF6D9F18FA9D6E003032E8 /* XCTest.framework in Frameworks */ = {isa = PBXBuildFile; fileRef = FBEF6D9E18FA9D6E003032E8 /* XCTest.framework */; };
		FBEF6DA018FA9D6E003032E8 /* Foundation.framework in Frameworks */ = {isa = PBXBuildFile; fileRef = FBEF6D7C18FA9D6E003032E8 /* Foundation.framework */; };
		FBEF6DA118FA9D6E003032E8 /* UIKit.framework in Frameworks */ = {isa = PBXBuildFile; fileRef = FBEF6D8018FA9D6E003032E8 /* UIKit.framework */; };
		FBEF6DA918FA9D6E003032E8 /* InfoPlist.strings in Resources */ = {isa = PBXBuildFile; fileRef = FBEF6DA718FA9D6E003032E8 /* InfoPlist.strings */; };
		FBEF6DAB18FA9D6E003032E8 /* TapTapTests.m in Sources */ = {isa = PBXBuildFile; fileRef = FBEF6DAA18FA9D6E003032E8 /* TapTapTests.m */; };
		FBEF6DB618FA9DF0003032E8 /* Mode1ViewController.m in Sources */ = {isa = PBXBuildFile; fileRef = FBEF6DB518FA9DF0003032E8 /* Mode1ViewController.m */; };
		FBEF6DB918FA9E01003032E8 /* Mode2ViewController.m in Sources */ = {isa = PBXBuildFile; fileRef = FBEF6DB818FA9E01003032E8 /* Mode2ViewController.m */; };
		FBF30F991900B18900298E71 /* Mode3ViewController.m in Sources */ = {isa = PBXBuildFile; fileRef = FBF30F981900B18900298E71 /* Mode3ViewController.m */; };
/* End PBXBuildFile section */

/* Begin PBXContainerItemProxy section */
		FBEF6DA218FA9D6E003032E8 /* PBXContainerItemProxy */ = {
			isa = PBXContainerItemProxy;
			containerPortal = FBEF6D7118FA9D6E003032E8 /* Project object */;
			proxyType = 1;
			remoteGlobalIDString = FBEF6D7818FA9D6E003032E8;
			remoteInfo = TapTap;
		};
/* End PBXContainerItemProxy section */

/* Begin PBXFileReference section */
		FB21D5DC18FFE856002A92C4 /* HighScoreViewController.h */ = {isa = PBXFileReference; fileEncoding = 4; lastKnownFileType = sourcecode.c.h; path = HighScoreViewController.h; sourceTree = "<group>"; };
		FB21D5DD18FFE856002A92C4 /* HighScoreViewController.m */ = {isa = PBXFileReference; fileEncoding = 4; lastKnownFileType = sourcecode.c.objc; path = HighScoreViewController.m; sourceTree = "<group>"; };
		FBEF6D7918FA9D6E003032E8 /* TapTap.app */ = {isa = PBXFileReference; explicitFileType = wrapper.application; includeInIndex = 0; path = TapTap.app; sourceTree = BUILT_PRODUCTS_DIR; };
		FBEF6D7C18FA9D6E003032E8 /* Foundation.framework */ = {isa = PBXFileReference; lastKnownFileType = wrapper.framework; name = Foundation.framework; path = System/Library/Frameworks/Foundation.framework; sourceTree = SDKROOT; };
		FBEF6D7E18FA9D6E003032E8 /* CoreGraphics.framework */ = {isa = PBXFileReference; lastKnownFileType = wrapper.framework; name = CoreGraphics.framework; path = System/Library/Frameworks/CoreGraphics.framework; sourceTree = SDKROOT; };
		FBEF6D8018FA9D6E003032E8 /* UIKit.framework */ = {isa = PBXFileReference; lastKnownFileType = wrapper.framework; name = UIKit.framework; path = System/Library/Frameworks/UIKit.framework; sourceTree = SDKROOT; };
		FBEF6D8418FA9D6E003032E8 /* TapTap-Info.plist */ = {isa = PBXFileReference; lastKnownFileType = text.plist.xml; path = "TapTap-Info.plist"; sourceTree = "<group>"; };
		FBEF6D8618FA9D6E003032E8 /* en */ = {isa = PBXFileReference; lastKnownFileType = text.plist.strings; name = en; path = en.lproj/InfoPlist.strings; sourceTree = "<group>"; };
		FBEF6D8818FA9D6E003032E8 /* main.m */ = {isa = PBXFileReference; lastKnownFileType = sourcecode.c.objc; path = main.m; sourceTree = "<group>"; };
		FBEF6D8A18FA9D6E003032E8 /* TapTap-Prefix.pch */ = {isa = PBXFileReference; lastKnownFileType = sourcecode.c.h; path = "TapTap-Prefix.pch"; sourceTree = "<group>"; };
		FBEF6D8B18FA9D6E003032E8 /* AppDelegate.h */ = {isa = PBXFileReference; lastKnownFileType = sourcecode.c.h; path = AppDelegate.h; sourceTree = "<group>"; };
		FBEF6D8C18FA9D6E003032E8 /* AppDelegate.m */ = {isa = PBXFileReference; lastKnownFileType = sourcecode.c.objc; path = AppDelegate.m; sourceTree = "<group>"; };
		FBEF6D8F18FA9D6E003032E8 /* Base */ = {isa = PBXFileReference; lastKnownFileType = file.storyboard; name = Base; path = Base.lproj/Main_iPhone.storyboard; sourceTree = "<group>"; };
		FBEF6D9218FA9D6E003032E8 /* Base */ = {isa = PBXFileReference; lastKnownFileType = file.storyboard; name = Base; path = Base.lproj/Main_iPad.storyboard; sourceTree = "<group>"; };
		FBEF6D9418FA9D6E003032E8 /* ViewController.h */ = {isa = PBXFileReference; lastKnownFileType = sourcecode.c.h; path = ViewController.h; sourceTree = "<group>"; };
		FBEF6D9518FA9D6E003032E8 /* ViewController.m */ = {isa = PBXFileReference; lastKnownFileType = sourcecode.c.objc; path = ViewController.m; sourceTree = "<group>"; };
		FBEF6D9718FA9D6E003032E8 /* Images.xcassets */ = {isa = PBXFileReference; lastKnownFileType = folder.assetcatalog; path = Images.xcassets; sourceTree = "<group>"; };
		FBEF6D9D18FA9D6E003032E8 /* TapTapTests.xctest */ = {isa = PBXFileReference; explicitFileType = wrapper.cfbundle; includeInIndex = 0; path = TapTapTests.xctest; sourceTree = BUILT_PRODUCTS_DIR; };
		FBEF6D9E18FA9D6E003032E8 /* XCTest.framework */ = {isa = PBXFileReference; lastKnownFileType = wrapper.framework; name = XCTest.framework; path = Library/Frameworks/XCTest.framework; sourceTree = DEVELOPER_DIR; };
		FBEF6DA618FA9D6E003032E8 /* TapTapTests-Info.plist */ = {isa = PBXFileReference; lastKnownFileType = text.plist.xml; path = "TapTapTests-Info.plist"; sourceTree = "<group>"; };
		FBEF6DA818FA9D6E003032E8 /* en */ = {isa = PBXFileReference; lastKnownFileType = text.plist.strings; name = en; path = en.lproj/InfoPlist.strings; sourceTree = "<group>"; };
		FBEF6DAA18FA9D6E003032E8 /* TapTapTests.m */ = {isa = PBXFileReference; lastKnownFileType = sourcecode.c.objc; path = TapTapTests.m; sourceTree = "<group>"; };
		FBEF6DB418FA9DF0003032E8 /* Mode1ViewController.h */ = {isa = PBXFileReference; fileEncoding = 4; lastKnownFileType = sourcecode.c.h; path = Mode1ViewController.h; sourceTree = "<group>"; };
		FBEF6DB518FA9DF0003032E8 /* Mode1ViewController.m */ = {isa = PBXFileReference; fileEncoding = 4; lastKnownFileType = sourcecode.c.objc; path = Mode1ViewController.m; sourceTree = "<group>"; };
		FBEF6DB718FA9E01003032E8 /* Mode2ViewController.h */ = {isa = PBXFileReference; fileEncoding = 4; lastKnownFileType = sourcecode.c.h; path = Mode2ViewController.h; sourceTree = "<group>"; };
		FBEF6DB818FA9E01003032E8 /* Mode2ViewController.m */ = {isa = PBXFileReference; fileEncoding = 4; lastKnownFileType = sourcecode.c.objc; path = Mode2ViewController.m; sourceTree = "<group>"; };
		FBF30F971900B18900298E71 /* Mode3ViewController.h */ = {isa = PBXFileReference; fileEncoding = 4; lastKnownFileType = sourcecode.c.h; path = Mode3ViewController.h; sourceTree = "<group>"; };
		FBF30F981900B18900298E71 /* Mode3ViewController.m */ = {isa = PBXFileReference; fileEncoding = 4; lastKnownFileType = sourcecode.c.objc; path = Mode3ViewController.m; sourceTree = "<group>"; };
/* End PBXFileReference section */

/* Begin PBXFrameworksBuildPhase section */
		FBEF6D7618FA9D6E003032E8 /* Frameworks */ = {
			isa = PBXFrameworksBuildPhase;
			buildActionMask = 2147483647;
			files = (
				FBEF6D7F18FA9D6E003032E8 /* CoreGraphics.framework in Frameworks */,
				FBEF6D8118FA9D6E003032E8 /* UIKit.framework in Frameworks */,
				FBEF6D7D18FA9D6E003032E8 /* Foundation.framework in Frameworks */,
			);
			runOnlyForDeploymentPostprocessing = 0;
		};
		FBEF6D9A18FA9D6E003032E8 /* Frameworks */ = {
			isa = PBXFrameworksBuildPhase;
			buildActionMask = 2147483647;
			files = (
				FBEF6D9F18FA9D6E003032E8 /* XCTest.framework in Frameworks */,
				FBEF6DA118FA9D6E003032E8 /* UIKit.framework in Frameworks */,
				FBEF6DA018FA9D6E003032E8 /* Foundation.framework in Frameworks */,
			);
			runOnlyForDeploymentPostprocessing = 0;
		};
/* End PBXFrameworksBuildPhase section */

/* Begin PBXGroup section */
		FBEF6D7018FA9D6E003032E8 = {
			isa = PBXGroup;
			children = (
				FBEF6D8218FA9D6E003032E8 /* TapTap */,
				FBEF6DA418FA9D6E003032E8 /* TapTapTests */,
				FBEF6D7B18FA9D6E003032E8 /* Frameworks */,
				FBEF6D7A18FA9D6E003032E8 /* Products */,
			);
			sourceTree = "<group>";
		};
		FBEF6D7A18FA9D6E003032E8 /* Products */ = {
			isa = PBXGroup;
			children = (
				FBEF6D7918FA9D6E003032E8 /* TapTap.app */,
				FBEF6D9D18FA9D6E003032E8 /* TapTapTests.xctest */,
			);
			name = Products;
			sourceTree = "<group>";
		};
		FBEF6D7B18FA9D6E003032E8 /* Frameworks */ = {
			isa = PBXGroup;
			children = (
				FBEF6D7C18FA9D6E003032E8 /* Foundation.framework */,
				FBEF6D7E18FA9D6E003032E8 /* CoreGraphics.framework */,
				FBEF6D8018FA9D6E003032E8 /* UIKit.framework */,
				FBEF6D9E18FA9D6E003032E8 /* XCTest.framework */,
			);
			name = Frameworks;
			sourceTree = "<group>";
		};
		FBEF6D8218FA9D6E003032E8 /* TapTap */ = {
			isa = PBXGroup;
			children = (
				FBEF6D8B18FA9D6E003032E8 /* AppDelegate.h */,
				FBEF6D8C18FA9D6E003032E8 /* AppDelegate.m */,
				FBEF6D8E18FA9D6E003032E8 /* Main_iPhone.storyboard */,
				FBEF6D9118FA9D6E003032E8 /* Main_iPad.storyboard */,
				FBEF6D9418FA9D6E003032E8 /* ViewController.h */,
				FBEF6D9518FA9D6E003032E8 /* ViewController.m */,
				FBEF6DB418FA9DF0003032E8 /* Mode1ViewController.h */,
				FBEF6DB518FA9DF0003032E8 /* Mode1ViewController.m */,
				FBEF6DB718FA9E01003032E8 /* Mode2ViewController.h */,
				FBEF6DB818FA9E01003032E8 /* Mode2ViewController.m */,
				FBF30F971900B18900298E71 /* Mode3ViewController.h */,
				FBF30F981900B18900298E71 /* Mode3ViewController.m */,
				FB21D5DC18FFE856002A92C4 /* HighScoreViewController.h */,
				FB21D5DD18FFE856002A92C4 /* HighScoreViewController.m */,
				FBEF6D9718FA9D6E003032E8 /* Images.xcassets */,
				FBEF6D8318FA9D6E003032E8 /* Supporting Files */,
			);
			path = TapTap;
			sourceTree = "<group>";
		};
		FBEF6D8318FA9D6E003032E8 /* Supporting Files */ = {
			isa = PBXGroup;
			children = (
				FBEF6D8418FA9D6E003032E8 /* TapTap-Info.plist */,
				FBEF6D8518FA9D6E003032E8 /* InfoPlist.strings */,
				FBEF6D8818FA9D6E003032E8 /* main.m */,
				FBEF6D8A18FA9D6E003032E8 /* TapTap-Prefix.pch */,
			);
			name = "Supporting Files";
			sourceTree = "<group>";
		};
		FBEF6DA418FA9D6E003032E8 /* TapTapTests */ = {
			isa = PBXGroup;
			children = (
				FBEF6DAA18FA9D6E003032E8 /* TapTapTests.m */,
				FBEF6DA518FA9D6E003032E8 /* Supporting Files */,
			);
			path = TapTapTests;
			sourceTree = "<group>";
		};
		FBEF6DA518FA9D6E003032E8 /* Supporting Files */ = {
			isa = PBXGroup;
			children = (
				FBEF6DA618FA9D6E003032E8 /* TapTapTests-Info.plist */,
				FBEF6DA718FA9D6E003032E8 /* InfoPlist.strings */,
			);
			name = "Supporting Files";
			sourceTree = "<group>";
		};
/* End PBXGroup section */

/* Begin PBXNativeTarget section */
		FBEF6D7818FA9D6E003032E8 /* TapTap */ = {
			isa = PBXNativeTarget;
			buildConfigurationList = FBEF6DAE18FA9D6E003032E8 /* Build configuration list for PBXNativeTarget "TapTap" */;
			buildPhases = (
				FBEF6D7518FA9D6E003032E8 /* Sources */,
				FBEF6D7618FA9D6E003032E8 /* Frameworks */,
				FBEF6D7718FA9D6E003032E8 /* Resources */,
			);
			buildRules = (
			);
			dependencies = (
			);
			name = TapTap;
			productName = TapTap;
			productReference = FBEF6D7918FA9D6E003032E8 /* TapTap.app */;
			productType = "com.apple.product-type.application";
		};
		FBEF6D9C18FA9D6E003032E8 /* TapTapTests */ = {
			isa = PBXNativeTarget;
			buildConfigurationList = FBEF6DB118FA9D6E003032E8 /* Build configuration list for PBXNativeTarget "TapTapTests" */;
			buildPhases = (
				FBEF6D9918FA9D6E003032E8 /* Sources */,
				FBEF6D9A18FA9D6E003032E8 /* Frameworks */,
				FBEF6D9B18FA9D6E003032E8 /* Resources */,
			);
			buildRules = (
			);
			dependencies = (
				FBEF6DA318FA9D6E003032E8 /* PBXTargetDependency */,
			);
			name = TapTapTests;
			productName = TapTapTests;
			productReference = FBEF6D9D18FA9D6E003032E8 /* TapTapTests.xctest */;
			productType = "com.apple.product-type.bundle.unit-test";
		};
/* End PBXNativeTarget section */

/* Begin PBXProject section */
		FBEF6D7118FA9D6E003032E8 /* Project object */ = {
			isa = PBXProject;
			attributes = {
				LastUpgradeCheck = 0510;
				ORGANIZATIONNAME = bfu123;
				TargetAttributes = {
					FBEF6D9C18FA9D6E003032E8 = {
						TestTargetID = FBEF6D7818FA9D6E003032E8;
					};
				};
			};
			buildConfigurationList = FBEF6D7418FA9D6E003032E8 /* Build configuration list for PBXProject "TapTap" */;
			compatibilityVersion = "Xcode 3.2";
			developmentRegion = English;
			hasScannedForEncodings = 0;
			knownRegions = (
				en,
				Base,
			);
			mainGroup = FBEF6D7018FA9D6E003032E8;
			productRefGroup = FBEF6D7A18FA9D6E003032E8 /* Products */;
			projectDirPath = "";
			projectRoot = "";
			targets = (
				FBEF6D7818FA9D6E003032E8 /* TapTap */,
				FBEF6D9C18FA9D6E003032E8 /* TapTapTests */,
			);
		};
/* End PBXProject section */

/* Begin PBXResourcesBuildPhase section */
		FBEF6D7718FA9D6E003032E8 /* Resources */ = {
			isa = PBXResourcesBuildPhase;
			buildActionMask = 2147483647;
			files = (
				FBEF6D9318FA9D6E003032E8 /* Main_iPad.storyboard in Resources */,
				FBEF6D9818FA9D6E003032E8 /* Images.xcassets in Resources */,
				FBEF6D9018FA9D6E003032E8 /* Main_iPhone.storyboard in Resources */,
				FBEF6D8718FA9D6E003032E8 /* InfoPlist.strings in Resources */,
			);
			runOnlyForDeploymentPostprocessing = 0;
		};
		FBEF6D9B18FA9D6E003032E8 /* Resources */ = {
			isa = PBXResourcesBuildPhase;
			buildActionMask = 2147483647;
			files = (
				FBEF6DA918FA9D6E003032E8 /* InfoPlist.strings in Resources */,
			);
			runOnlyForDeploymentPostprocessing = 0;
		};
/* End PBXResourcesBuildPhase section */

/* Begin PBXSourcesBuildPhase section */
		FBEF6D7518FA9D6E003032E8 /* Sources */ = {
			isa = PBXSourcesBuildPhase;
			buildActionMask = 2147483647;
			files = (
				FBEF6DB918FA9E01003032E8 /* Mode2ViewController.m in Sources */,
				FBEF6D9618FA9D6E003032E8 /* ViewController.m in Sources */,
				FBEF6DB618FA9DF0003032E8 /* Mode1ViewController.m in Sources */,
				FBF30F991900B18900298E71 /* Mode3ViewController.m in Sources */,
				FBEF6D8D18FA9D6E003032E8 /* AppDelegate.m in Sources */,
				FBEF6D8918FA9D6E003032E8 /* main.m in Sources */,
				FB21D5DE18FFE856002A92C4 /* HighScoreViewController.m in Sources */,
			);
			runOnlyForDeploymentPostprocessing = 0;
		};
		FBEF6D9918FA9D6E003032E8 /* Sources */ = {
			isa = PBXSourcesBuildPhase;
			buildActionMask = 2147483647;
			files = (
				FBEF6DAB18FA9D6E003032E8 /* TapTapTests.m in Sources */,
			);
			runOnlyForDeploymentPostprocessing = 0;
		};
/* End PBXSourcesBuildPhase section */

/* Begin PBXTargetDependency section */
		FBEF6DA318FA9D6E003032E8 /* PBXTargetDependency */ = {
			isa = PBXTargetDependency;
			target = FBEF6D7818FA9D6E003032E8 /* TapTap */;
			targetProxy = FBEF6DA218FA9D6E003032E8 /* PBXContainerItemProxy */;
		};
/* End PBXTargetDependency section */

/* Begin PBXVariantGroup section */
		FBEF6D8518FA9D6E003032E8 /* InfoPlist.strings */ = {
			isa = PBXVariantGroup;
			children = (
				FBEF6D8618FA9D6E003032E8 /* en */,
			);
			name = InfoPlist.strings;
			sourceTree = "<group>";
		};
		FBEF6D8E18FA9D6E003032E8 /* Main_iPhone.storyboard */ = {
			isa = PBXVariantGroup;
			children = (
				FBEF6D8F18FA9D6E003032E8 /* Base */,
			);
			name = Main_iPhone.storyboard;
			sourceTree = "<group>";
		};
		FBEF6D9118FA9D6E003032E8 /* Main_iPad.storyboard */ = {
			isa = PBXVariantGroup;
			children = (
				FBEF6D9218FA9D6E003032E8 /* Base */,
			);
			name = Main_iPad.storyboard;
			sourceTree = "<group>";
		};
		FBEF6DA718FA9D6E003032E8 /* InfoPlist.strings */ = {
			isa = PBXVariantGroup;
			children = (
				FBEF6DA818FA9D6E003032E8 /* en */,
			);
			name = InfoPlist.strings;
			sourceTree = "<group>";
		};
/* End PBXVariantGroup section */

/* Begin XCBuildConfiguration section */
		FBEF6DAC18FA9D6E003032E8 /* Debug */ = {
			isa = XCBuildConfiguration;
			buildSettings = {
				ALWAYS_SEARCH_USER_PATHS = NO;
				CLANG_CXX_LANGUAGE_STANDARD = "gnu++0x";
				CLANG_CXX_LIBRARY = "libc++";
				CLANG_ENABLE_MODULES = YES;
				CLANG_ENABLE_OBJC_ARC = YES;
				CLANG_WARN_BOOL_CONVERSION = YES;
				CLANG_WARN_CONSTANT_CONVERSION = YES;
				CLANG_WARN_DIRECT_OBJC_ISA_USAGE = YES_ERROR;
				CLANG_WARN_EMPTY_BODY = YES;
				CLANG_WARN_ENUM_CONVERSION = YES;
				CLANG_WARN_INT_CONVERSION = YES;
				CLANG_WARN_OBJC_ROOT_CLASS = YES_ERROR;
				CLANG_WARN__DUPLICATE_METHOD_MATCH = YES;
				"CODE_SIGN_IDENTITY[sdk=iphoneos*]" = "iPhone Developer";
				COPY_PHASE_STRIP = NO;
				GCC_C_LANGUAGE_STANDARD = gnu99;
				GCC_DYNAMIC_NO_PIC = NO;
				GCC_OPTIMIZATION_LEVEL = 0;
				GCC_PREPROCESSOR_DEFINITIONS = (
					"DEBUG=1",
					"$(inherited)",
				);
				GCC_SYMBOLS_PRIVATE_EXTERN = NO;
				GCC_WARN_64_TO_32_BIT_CONVERSION = YES;
				GCC_WARN_ABOUT_RETURN_TYPE = YES_ERROR;
				GCC_WARN_UNDECLARED_SELECTOR = YES;
				GCC_WARN_UNINITIALIZED_AUTOS = YES_AGGRESSIVE;
				GCC_WARN_UNUSED_FUNCTION = YES;
				GCC_WARN_UNUSED_VARIABLE = YES;
				IPHONEOS_DEPLOYMENT_TARGET = 7.1;
				ONLY_ACTIVE_ARCH = YES;
				SDKROOT = iphoneos;
				TARGETED_DEVICE_FAMILY = "1,2";
			};
			name = Debug;
		};
		FBEF6DAD18FA9D6E003032E8 /* Release */ = {
			isa = XCBuildConfiguration;
			buildSettings = {
				ALWAYS_SEARCH_USER_PATHS = NO;
				CLANG_CXX_LANGUAGE_STANDARD = "gnu++0x";
				CLANG_CXX_LIBRARY = "libc++";
				CLANG_ENABLE_MODULES = YES;
				CLANG_ENABLE_OBJC_ARC = YES;
				CLANG_WARN_BOOL_CONVERSION = YES;
				CLANG_WARN_CONSTANT_CONVERSION = YES;
				CLANG_WARN_DIRECT_OBJC_ISA_USAGE = YES_ERROR;
				CLANG_WARN_EMPTY_BODY = YES;
				CLANG_WARN_ENUM_CONVERSION = YES;
				CLANG_WARN_INT_CONVERSION = YES;
				CLANG_WARN_OBJC_ROOT_CLASS = YES_ERROR;
				CLANG_WARN__DUPLICATE_METHOD_MATCH = YES;
				"CODE_SIGN_IDENTITY[sdk=iphoneos*]" = "iPhone Developer";
				COPY_PHASE_STRIP = YES;
				ENABLE_NS_ASSERTIONS = NO;
				GCC_C_LANGUAGE_STANDARD = gnu99;
				GCC_WARN_64_TO_32_BIT_CONVERSION = YES;
				GCC_WARN_ABOUT_RETURN_TYPE = YES_ERROR;
				GCC_WARN_UNDECLARED_SELECTOR = YES;
				GCC_WARN_UNINITIALIZED_AUTOS = YES_AGGRESSIVE;
				GCC_WARN_UNUSED_FUNCTION = YES;
				GCC_WARN_UNUSED_VARIABLE = YES;
				IPHONEOS_DEPLOYMENT_TARGET = 7.1;
				SDKROOT = iphoneos;
				TARGETED_DEVICE_FAMILY = "1,2";
				VALIDATE_PRODUCT = YES;
			};
			name = Release;
		};
		FBEF6DAF18FA9D6E003032E8 /* Debug */ = {
			isa = XCBuildConfiguration;
			buildSettings = {
				ASSETCATALOG_COMPILER_APPICON_NAME = AppIcon;
				ASSETCATALOG_COMPILER_LAUNCHIMAGE_NAME = LaunchImage;
				CODE_SIGN_IDENTITY = "iPhone Developer";
				GCC_PRECOMPILE_PREFIX_HEADER = YES;
				GCC_PREFIX_HEADER = "TapTap/TapTap-Prefix.pch";
				INFOPLIST_FILE = "TapTap/TapTap-Info.plist";
				PRODUCT_NAME = "$(TARGET_NAME)";
				TARGETED_DEVICE_FAMILY = 1;
				WRAPPER_EXTENSION = app;
			};
			name = Debug;
		};
		FBEF6DB018FA9D6E003032E8 /* Release */ = {
			isa = XCBuildConfiguration;
			buildSettings = {
				ASSETCATALOG_COMPILER_APPICON_NAME = AppIcon;
				ASSETCATALOG_COMPILER_LAUNCHIMAGE_NAME = LaunchImage;
				GCC_PRECOMPILE_PREFIX_HEADER = YES;
				GCC_PREFIX_HEADER = "TapTap/TapTap-Prefix.pch";
				INFOPLIST_FILE = "TapTap/TapTap-Info.plist";
				PRODUCT_NAME = "$(TARGET_NAME)";
				TARGETED_DEVICE_FAMILY = 1;
				WRAPPER_EXTENSION = app;
			};
			name = Release;
		};
		FBEF6DB218FA9D6E003032E8 /* Debug */ = {
			isa = XCBuildConfiguration;
			buildSettings = {
				BUNDLE_LOADER = "$(BUILT_PRODUCTS_DIR)/TapTap.app/TapTap";
				FRAMEWORK_SEARCH_PATHS = (
					"$(SDKROOT)/Developer/Library/Frameworks",
					"$(inherited)",
					"$(DEVELOPER_FRAMEWORKS_DIR)",
				);
				GCC_PRECOMPILE_PREFIX_HEADER = YES;
				GCC_PREFIX_HEADER = "TapTap/TapTap-Prefix.pch";
				GCC_PREPROCESSOR_DEFINITIONS = (
					"DEBUG=1",
					"$(inherited)",
				);
				INFOPLIST_FILE = "TapTapTests/TapTapTests-Info.plist";
				PRODUCT_NAME = "$(TARGET_NAME)";
				TEST_HOST = "$(BUNDLE_LOADER)";
				WRAPPER_EXTENSION = xctest;
			};
			name = Debug;
		};
		FBEF6DB318FA9D6E003032E8 /* Release */ = {
			isa = XCBuildConfiguration;
			buildSettings = {
				BUNDLE_LOADER = "$(BUILT_PRODUCTS_DIR)/TapTap.app/TapTap";
				FRAMEWORK_SEARCH_PATHS = (
					"$(SDKROOT)/Developer/Library/Frameworks",
					"$(inherited)",
					"$(DEVELOPER_FRAMEWORKS_DIR)",
				);
				GCC_PRECOMPILE_PREFIX_HEADER = YES;
				GCC_PREFIX_HEADER = "TapTap/TapTap-Prefix.pch";
				INFOPLIST_FILE = "TapTapTests/TapTapTests-Info.plist";
				PRODUCT_NAME = "$(TARGET_NAME)";
				TEST_HOST = "$(BUNDLE_LOADER)";
				WRAPPER_EXTENSION = xctest;
			};
			name = Release;
		};
/* End XCBuildConfiguration section */

/* Begin XCConfigurationList section */
		FBEF6D7418FA9D6E003032E8 /* Build configuration list for PBXProject "TapTap" */ = {
			isa = XCConfigurationList;
			buildConfigurations = (
				FBEF6DAC18FA9D6E003032E8 /* Debug */,
				FBEF6DAD18FA9D6E003032E8 /* Release */,
			);
			defaultConfigurationIsVisible = 0;
			defaultConfigurationName = Release;
		};
		FBEF6DAE18FA9D6E003032E8 /* Build configuration list for PBXNativeTarget "TapTap" */ = {
			isa = XCConfigurationList;
			buildConfigurations = (
				FBEF6DAF18FA9D6E003032E8 /* Debug */,
				FBEF6DB018FA9D6E003032E8 /* Release */,
			);
			defaultConfigurationIsVisible = 0;
			defaultConfigurationName = Release;
		};
		FBEF6DB118FA9D6E003032E8 /* Build configuration list for PBXNativeTarget "TapTapTests" */ = {
			isa = XCConfigurationList;
			buildConfigurations = (
				FBEF6DB218FA9D6E003032E8 /* Debug */,
				FBEF6DB318FA9D6E003032E8 /* Release */,
			);
			defaultConfigurationIsVisible = 0;
			defaultConfigurationName = Release;
		};
/* End XCConfigurationList section */
	};
	rootObject = FBEF6D7118FA9D6E003032E8 /* Project object */;
}
